
Microsoft Visual Studio Solution File, Format Version 12.00
# Visual Studio Version 17
VisualStudioVersion = 17.8.34511.84
MinimumVisualStudioVersion = 10.0.40219.1
Project("{FAE04EC0-301F-11D3-BF4B-00C04F79EFBC}") = "TodoApp", "TodoApp\TodoApp.csproj", "{577CC297-5196-4CEF-BCA1-1D8CCE5B6359}"
EndProject
Global
	GlobalSection(SolutionConfigurationPlatforms) = preSolution
		Debug|Any CPU = Debug|Any CPU
		Release|Any CPU = Release|Any CPU
	EndGlobalSection
	GlobalSection(ProjectConfigurationPlatforms) = postSolution
		{577CC297-5196-4CEF-BCA1-1D8CCE5B6359}.Debug|Any CPU.ActiveCfg = Debug|Any CPU
		{577CC297-5196-4CEF-BCA1-1D8CCE5B6359}.Debug|Any CPU.Build.0 = Debug|Any CPU
		{577CC297-5196-4CEF-BCA1-1D8CCE5B6359}.Release|Any CPU.ActiveCfg = Release|Any CPU
		{577CC297-5196-4CEF-BCA1-1D8CCE5B6359}.Release|Any CPU.Build.0 = Release|Any CPU
	EndGlobalSection
	GlobalSection(SolutionProperties) = preSolution
		HideSolutionNode = FALSE
	EndGlobalSection
	GlobalSection(ExtensibilityGlobals) = postSolution
		SolutionGuid = {650692B5-917B-4E7F-BFAE-CEE57159606D}
	EndGlobalSection
EndGlobal
